
Microsoft Visual Studio Solution File, Format Version 12.00
# Visual Studio Version 16
VisualStudioVersion = 16.0.31019.35
MinimumVisualStudioVersion = 10.0.40219.1
Project("{FAE04EC0-301F-11D3-BF4B-00C04F79EFBC}") = "Asteroids", "Asteroids\Asteroids.csproj", "{A73A2CBD-D63F-47CB-9AD5-22A18981BD6C}"
EndProject
Global
	GlobalSection(SolutionConfigurationPlatforms) = preSolution
		Debug|Any CPU = Debug|Any CPU
		Release|Any CPU = Release|Any CPU
	EndGlobalSection
	GlobalSection(ProjectConfigurationPlatforms) = postSolution
		{A73A2CBD-D63F-47CB-9AD5-22A18981BD6C}.Debug|Any CPU.ActiveCfg = Debug|Any CPU
		{A73A2CBD-D63F-47CB-9AD5-22A18981BD6C}.Debug|Any CPU.Build.0 = Debug|Any CPU
		{A73A2CBD-D63F-47CB-9AD5-22A18981BD6C}.Release|Any CPU.ActiveCfg = Release|Any CPU
		{A73A2CBD-D63F-47CB-9AD5-22A18981BD6C}.Release|Any CPU.Build.0 = Release|Any CPU
	EndGlobalSection
	GlobalSection(SolutionProperties) = preSolution
		HideSolutionNode = FALSE
	EndGlobalSection
	GlobalSection(ExtensibilityGlobals) = postSolution
		SolutionGuid = {75C7A543-29AE-4053-8BEA-8ABC5FB4A986}
	EndGlobalSection
EndGlobal
